
Microsoft Visual Studio Solution File, Format Version 12.00
# Visual Studio Version 17
VisualStudioVersion = 17.14.36414.22 d17.14
MinimumVisualStudioVersion = 10.0.40219.1
Project("{FAE04EC0-301F-11D3-BF4B-00C04F79EFBC}") = "BackendSignalR", "BackendSignalR.csproj", "{E13F1516-10DD-45C4-821E-13B9BE6DCD91}"
EndProject
Global
	GlobalSection(SolutionConfigurationPlatforms) = preSolution
		Debug|Any CPU = Debug|Any CPU
		Release|Any CPU = Release|Any CPU
	EndGlobalSection
	GlobalSection(ProjectConfigurationPlatforms) = postSolution
		{E13F1516-10DD-45C4-821E-13B9BE6DCD91}.Debug|Any CPU.ActiveCfg = Debug|Any CPU
		{E13F1516-10DD-45C4-821E-13B9BE6DCD91}.Debug|Any CPU.Build.0 = Debug|Any CPU
		{E13F1516-10DD-45C4-821E-13B9BE6DCD91}.Release|Any CPU.ActiveCfg = Release|Any CPU
		{E13F1516-10DD-45C4-821E-13B9BE6DCD91}.Release|Any CPU.Build.0 = Release|Any CPU
	EndGlobalSection
	GlobalSection(SolutionProperties) = preSolution
		HideSolutionNode = FALSE
	EndGlobalSection
	GlobalSection(ExtensibilityGlobals) = postSolution
		SolutionGuid = {E94FDC26-D5FD-41AF-90F9-5555E21C1BC5}
	EndGlobalSection
EndGlobal
